
Microsoft Visual Studio Solution File, Format Version 12.00
# Visual Studio Version 17
VisualStudioVersion = 17.2.32630.192
MinimumVisualStudioVersion = 10.0.40219.1
Project("{FAE04EC0-301F-11D3-BF4B-00C04F79EFBC}") = "Scanning Tool", "Scanning Tool.csproj", "{61E470CE-C7A7-40C9-8FC0-3E3CFE03256A}"
EndProject
Global
	GlobalSection(SolutionConfigurationPlatforms) = preSolution
		Debug|Any CPU = Debug|Any CPU
		Release|Any CPU = Release|Any CPU
	EndGlobalSection
	GlobalSection(ProjectConfigurationPlatforms) = postSolution
		{61E470CE-C7A7-40C9-8FC0-3E3CFE03256A}.Debug|Any CPU.ActiveCfg = Debug|Any CPU
		{61E470CE-C7A7-40C9-8FC0-3E3CFE03256A}.Debug|Any CPU.Build.0 = Debug|Any CPU
		{61E470CE-C7A7-40C9-8FC0-3E3CFE03256A}.Release|Any CPU.ActiveCfg = Release|Any CPU
		{61E470CE-C7A7-40C9-8FC0-3E3CFE03256A}.Release|Any CPU.Build.0 = Release|Any CPU
	EndGlobalSection
	GlobalSection(SolutionProperties) = preSolution
		HideSolutionNode = FALSE
	EndGlobalSection
	GlobalSection(ExtensibilityGlobals) = postSolution
		SolutionGuid = {AC05D7F6-AAB0-489F-9082-BC35F7452024}
	EndGlobalSection
EndGlobal
